github.com/wahyuadikusuma/go-modules v0.0.0-20230830044223-72887ce6b6e2 h1:jMrjwyXvfxPtzryDlloe+FATJnNDtpsYTRT8OVITiSI=
github.com/wahyuadikusuma/go-modules v0.0.0-20230830044223-72887ce6b6e2/go.mod h1:iwv3JCzPLtMlFmSzbGGD3sA4gHxiM73tHYh+MLCdKek=
github.com/wahyuadikusuma/go-modules v1.1.1 h1:Bnpk7nTQdnbxNgGcrZaDwHYyXX011tNP6+rBCsE2pAE=
github.com/wahyuadikusuma/go-modules v1.1.1/go.mod h1:iwv3JCzPLtMlFmSzbGGD3sA4gHxiM73tHYh+MLCdKek=
github.com/wahyuadikusuma/go-modules/v2 v2.0.0 h1:eb3NqgfOaymPgRUZxNYpkmZqOb/DxlRvZGEFVttl/fo=
github.com/wahyuadikusuma/go-modules/v2 v2.0.0/go.mod h1:ubnCuqOVmqILjXTDo3nb09YK7wQY2tv0Adduk5DBx24=
